
Microsoft Visual Studio Solution File, Format Version 12.00
# Visual Studio 15
VisualStudioVersion = 15.0.27130.2026
MinimumVisualStudioVersion = 10.0.40219.1
Project("{9A19103F-16F7-4668-BE54-9A1E7A4F7556}") = "OpenSage.FFmpeg", "OpenSage.FFmpeg\OpenSage.FFmpeg.csproj", "{12154FF9-6F54-42F9-A984-11ED046B3521}"
EndProject
Project("{9A19103F-16F7-4668-BE54-9A1E7A4F7556}") = "OpenSage.FFmpeg.Tests", "OpenSage.FFmpeg.Tests\OpenSage.FFmpeg.Tests.csproj", "{CAC350D9-CC7D-4DA6-877C-DD92FF880776}"
EndProject
Project("{9A19103F-16F7-4668-BE54-9A1E7A4F7556}") = "FFmpeg.AutoGen", "..\deps\FFmpeg.AutoGen\FFmpeg.AutoGen\FFmpeg.AutoGen.csproj", "{B555A07E-BB34-4851-B4AB-41116DB467FE}"
EndProject
Global
	GlobalSection(SolutionConfigurationPlatforms) = preSolution
		Debug|Any CPU = Debug|Any CPU
		Release|Any CPU = Release|Any CPU
	EndGlobalSection
	GlobalSection(ProjectConfigurationPlatforms) = postSolution
		{12154FF9-6F54-42F9-A984-11ED046B3521}.Debug|Any CPU.ActiveCfg = Debug|Any CPU
		{12154FF9-6F54-42F9-A984-11ED046B3521}.Debug|Any CPU.Build.0 = Debug|Any CPU
		{12154FF9-6F54-42F9-A984-11ED046B3521}.Release|Any CPU.ActiveCfg = Release|Any CPU
		{12154FF9-6F54-42F9-A984-11ED046B3521}.Release|Any CPU.Build.0 = Release|Any CPU
		{CAC350D9-CC7D-4DA6-877C-DD92FF880776}.Debug|Any CPU.ActiveCfg = Debug|Any CPU
		{CAC350D9-CC7D-4DA6-877C-DD92FF880776}.Debug|Any CPU.Build.0 = Debug|Any CPU
		{CAC350D9-CC7D-4DA6-877C-DD92FF880776}.Release|Any CPU.ActiveCfg = Release|Any CPU
		{CAC350D9-CC7D-4DA6-877C-DD92FF880776}.Release|Any CPU.Build.0 = Release|Any CPU
		{B555A07E-BB34-4851-B4AB-41116DB467FE}.Debug|Any CPU.ActiveCfg = Debug|Any CPU
		{B555A07E-BB34-4851-B4AB-41116DB467FE}.Debug|Any CPU.Build.0 = Debug|Any CPU
		{B555A07E-BB34-4851-B4AB-41116DB467FE}.Release|Any CPU.ActiveCfg = Release|Any CPU
		{B555A07E-BB34-4851-B4AB-41116DB467FE}.Release|Any CPU.Build.0 = Release|Any CPU
	EndGlobalSection
	GlobalSection(SolutionProperties) = preSolution
		HideSolutionNode = FALSE
	EndGlobalSection
	GlobalSection(ExtensibilityGlobals) = postSolution
		SolutionGuid = {6E19BD92-CC41-4A87-9C67-FDD208674DF1}
	EndGlobalSection
EndGlobal
